
Microsoft Visual Studio Solution File, Format Version 12.00
# Visual Studio Version 16
VisualStudioVersion = 16.0.31729.503
MinimumVisualStudioVersion = 10.0.40219.1
Project("{D954291E-2A0B-460D-934E-DC6B0785DB48}") = "FedoraBug.Shared", "FedoraBug\FedoraBug.Shared\FedoraBug.Shared.shproj", "{6279C845-92F8-4333-AB99-3D213163593C}"
EndProject
Project("{2150E333-8FDC-42A3-9474-1A3956D46DE8}") = "Platforms", "Platforms", "{292B6D90-FBBF-457C-B367-901298DD87DC}"
EndProject
Project("{FAE04EC0-301F-11D3-BF4B-00C04F79EFBC}") = "FedoraBug.Droid", "FedoraBug\FedoraBug.Droid\FedoraBug.Droid.csproj", "{2319D469-A5FB-4779-BDD4-9C661071AB93}"
EndProject
Project("{FAE04EC0-301F-11D3-BF4B-00C04F79EFBC}") = "FedoraBug.iOS", "FedoraBug\FedoraBug.iOS\FedoraBug.iOS.csproj", "{89AC3F26-CD20-4305-90BC-89FB2D92BE1F}"
EndProject
Project("{FAE04EC0-301F-11D3-BF4B-00C04F79EFBC}") = "FedoraBug.UWP", "FedoraBug\FedoraBug.UWP\FedoraBug.UWP.csproj", "{57DD3C7D-1489-4B2D-A237-19E656127CF1}"
EndProject
Project("{FAE04EC0-301F-11D3-BF4B-00C04F79EFBC}") = "FedoraBug.Wasm", "FedoraBug\FedoraBug.Wasm\FedoraBug.Wasm.csproj", "{2DF4FA22-6B91-407F-A1B3-0ED13DF6C17B}"
EndProject
Project("{FAE04EC0-301F-11D3-BF4B-00C04F79EFBC}") = "FedoraBug.macOS", "FedoraBug\FedoraBug.macOS\FedoraBug.macOS.csproj", "{16890F46-20FC-486D-8037-812FE89321B7}"
EndProject
Project("{FAE04EC0-301F-11D3-BF4B-00C04F79EFBC}") = "FedoraBug.Skia.Wpf.Host", "FedoraBug\FedoraBug.Skia.Wpf.Host\FedoraBug.Skia.Wpf.Host.csproj", "{2CCAD58A-C1DA-41A9-9BED-9406667AB0E9}"
EndProject
Project("{FAE04EC0-301F-11D3-BF4B-00C04F79EFBC}") = "FedoraBug.Skia.Wpf", "FedoraBug\FedoraBug.Skia.Wpf\FedoraBug.Skia.Wpf.csproj", "{D9DB22F7-D784-4226-ADB6-2160A3498691}"
EndProject
Project("{FAE04EC0-301F-11D3-BF4B-00C04F79EFBC}") = "FedoraBug.Skia.Gtk", "FedoraBug\FedoraBug.Skia.Gtk\FedoraBug.Skia.Gtk.csproj", "{D25B96B4-C0CE-4263-AC2C-4894F4680894}"
EndProject
Project("{FAE04EC0-301F-11D3-BF4B-00C04F79EFBC}") = "FedoraBug.Skia.Tizen", "FedoraBug\FedoraBug.Skia.Tizen\FedoraBug.Skia.Tizen.csproj", "{6FE7CD70-0048-4EDF-BC76-EDA49E7F63E5}"
EndProject
Global
	GlobalSection(SharedMSBuildProjectFiles) = preSolution
		FedoraBug\FedoraBug.Shared\FedoraBug.Shared.projitems*{16890f46-20fc-486d-8037-812fe89321b7}*SharedItemsImports = 4
		FedoraBug\FedoraBug.Shared\FedoraBug.Shared.projitems*{2319d469-a5fb-4779-bdd4-9c661071ab93}*SharedItemsImports = 4
		FedoraBug\FedoraBug.Shared\FedoraBug.Shared.projitems*{2df4fa22-6b91-407f-a1b3-0ed13df6c17b}*SharedItemsImports = 5
		FedoraBug\FedoraBug.Shared\FedoraBug.Shared.projitems*{57dd3c7d-1489-4b2d-a237-19e656127cf1}*SharedItemsImports = 4
		FedoraBug\FedoraBug.Shared\FedoraBug.Shared.projitems*{6279c845-92f8-4333-ab99-3d213163593c}*SharedItemsImports = 13
		FedoraBug\FedoraBug.Shared\FedoraBug.Shared.projitems*{6fe7cd70-0048-4edf-bc76-eda49e7f63e5}*SharedItemsImports = 5
		FedoraBug\FedoraBug.Shared\FedoraBug.Shared.projitems*{89ac3f26-cd20-4305-90bc-89fb2d92be1f}*SharedItemsImports = 4
		FedoraBug\FedoraBug.Shared\FedoraBug.Shared.projitems*{d25b96b4-c0ce-4263-ac2c-4894f4680894}*SharedItemsImports = 5
		FedoraBug\FedoraBug.Shared\FedoraBug.Shared.projitems*{d9db22f7-d784-4226-adb6-2160a3498691}*SharedItemsImports = 5
	EndGlobalSection
	GlobalSection(SolutionConfigurationPlatforms) = preSolution
		Ad-Hoc|Any CPU = Ad-Hoc|Any CPU
		Ad-Hoc|ARM = Ad-Hoc|ARM
		Ad-Hoc|ARM64 = Ad-Hoc|ARM64
		Ad-Hoc|iPhone = Ad-Hoc|iPhone
		Ad-Hoc|iPhoneSimulator = Ad-Hoc|iPhoneSimulator
		Ad-Hoc|x64 = Ad-Hoc|x64
		Ad-Hoc|x86 = Ad-Hoc|x86
		AppStore|Any CPU = AppStore|Any CPU
		AppStore|ARM = AppStore|ARM
		AppStore|ARM64 = AppStore|ARM64
		AppStore|iPhone = AppStore|iPhone
		AppStore|iPhoneSimulator = AppStore|iPhoneSimulator
		AppStore|x64 = AppStore|x64
		AppStore|x86 = AppStore|x86
		Debug|Any CPU = Debug|Any CPU
		Debug|ARM = Debug|ARM
		Debug|ARM64 = Debug|ARM64
		Debug|iPhone = Debug|iPhone
		Debug|iPhoneSimulator = Debug|iPhoneSimulator
		Debug|x64 = Debug|x64
		Debug|x86 = Debug|x86
		Release|Any CPU = Release|Any CPU
		Release|ARM = Release|ARM
		Release|ARM64 = Release|ARM64
		Release|iPhone = Release|iPhone
		Release|iPhoneSimulator = Release|iPhoneSimulator
		Release|x64 = Release|x64
		Release|x86 = Release|x86
	EndGlobalSection
	GlobalSection(ProjectConfigurationPlatforms) = postSolution
		{2319D469-A5FB-4779-BDD4-9C661071AB93}.Ad-Hoc|Any CPU.ActiveCfg = Debug|Any CPU
		{2319D469-A5FB-4779-BDD4-9C661071AB93}.Ad-Hoc|Any CPU.Build.0 = Debug|Any CPU
		{2319D469-A5FB-4779-BDD4-9C661071AB93}.Ad-Hoc|Any CPU.Deploy.0 = Debug|Any CPU
		{2319D469-A5FB-4779-BDD4-9C661071AB93}.Ad-Hoc|ARM.ActiveCfg = Debug|Any CPU
		{2319D469-A5FB-4779-BDD4-9C661071AB93}.Ad-Hoc|ARM.Build.0 = Debug|Any CPU
		{2319D469-A5FB-4779-BDD4-9C661071AB93}.Ad-Hoc|ARM.Deploy.0 = Debug|Any CPU
		{2319D469-A5FB-4779-BDD4-9C661071AB93}.Ad-Hoc|ARM64.ActiveCfg = Debug|Any CPU
		{2319D469-A5FB-4779-BDD4-9C661071AB93}.Ad-Hoc|ARM64.Build.0 = Debug|Any CPU
		{2319D469-A5FB-4779-BDD4-9C661071AB93}.Ad-Hoc|ARM64.Deploy.0 = Debug|Any CPU
		{2319D469-A5FB-4779-BDD4-9C661071AB93}.Ad-Hoc|iPhone.ActiveCfg = Debug|Any CPU
		{2319D469-A5FB-4779-BDD4-9C661071AB93}.Ad-Hoc|iPhone.Build.0 = Debug|Any CPU
		{2319D469-A5FB-4779-BDD4-9C661071AB93}.Ad-Hoc|iPhone.Deploy.0 = Debug|Any CPU
		{2319D469-A5FB-4779-BDD4-9C661071AB93}.Ad-Hoc|iPhoneSimulator.ActiveCfg = Debug|Any CPU
		{2319D469-A5FB-4779-BDD4-9C661071AB93}.Ad-Hoc|iPhoneSimulator.Build.0 = Debug|Any CPU
		{2319D469-A5FB-4779-BDD4-9C661071AB93}.Ad-Hoc|iPhoneSimulator.Deploy.0 = Debug|Any CPU
		{2319D469-A5FB-4779-BDD4-9C661071AB93}.Ad-Hoc|x64.ActiveCfg = Debug|Any CPU
		{2319D469-A5FB-4779-BDD4-9C661071AB93}.Ad-Hoc|x64.Build.0 = Debug|Any CPU
		{2319D469-A5FB-4779-BDD4-9C661071AB93}.Ad-Hoc|x64.Deploy.0 = Debug|Any CPU
		{2319D469-A5FB-4779-BDD4-9C661071AB93}.Ad-Hoc|x86.ActiveCfg = Debug|Any CPU
		{2319D469-A5FB-4779-BDD4-9C661071AB93}.Ad-Hoc|x86.Build.0 = Debug|Any CPU
		{2319D469-A5FB-4779-BDD4-9C661071AB93}.Ad-Hoc|x86.Deploy.0 = Debug|Any CPU
		{2319D469-A5FB-4779-BDD4-9C661071AB93}.AppStore|Any CPU.ActiveCfg = Debug|Any CPU
		{2319D469-A5FB-4779-BDD4-9C661071AB93}.AppStore|Any CPU.Build.0 = Debug|Any CPU
		{2319D469-A5FB-4779-BDD4-9C661071AB93}.AppStore|Any CPU.Deploy.0 = Debug|Any CPU
		{2319D469-A5FB-4779-BDD4-9C661071AB93}.AppStore|ARM.ActiveCfg = Debug|Any CPU
		{2319D469-A5FB-4779-BDD4-9C661071AB93}.AppStore|ARM.Build.0 = Debug|Any CPU
		{2319D469-A5FB-4779-BDD4-9C661071AB93}.AppStore|ARM.Deploy.0 = Debug|Any CPU
		{2319D469-A5FB-4779-BDD4-9C661071AB93}.AppStore|ARM64.ActiveCfg = Debug|Any CPU
		{2319D469-A5FB-4779-BDD4-9C661071AB93}.AppStore|ARM64.Build.0 = Debug|Any CPU
		{2319D469-A5FB-4779-BDD4-9C661071AB93}.AppStore|ARM64.Deploy.0 = Debug|Any CPU
		{2319D469-A5FB-4779-BDD4-9C661071AB93}.AppStore|iPhone.ActiveCfg = Debug|Any CPU
		{2319D469-A5FB-4779-BDD4-9C661071AB93}.AppStore|iPhone.Build.0 = Debug|Any CPU
		{2319D469-A5FB-4779-BDD4-9C661071AB93}.AppStore|iPhone.Deploy.0 = Debug|Any CPU
		{2319D469-A5FB-4779-BDD4-9C661071AB93}.AppStore|iPhoneSimulator.ActiveCfg = Debug|Any CPU
		{2319D469-A5FB-4779-BDD4-9C661071AB93}.AppStore|iPhoneSimulator.Build.0 = Debug|Any CPU
		{2319D469-A5FB-4779-BDD4-9C661071AB93}.AppStore|iPhoneSimulator.Deploy.0 = Debug|Any CPU
		{2319D469-A5FB-4779-BDD4-9C661071AB93}.AppStore|x64.ActiveCfg = Debug|Any CPU
		{2319D469-A5FB-4779-BDD4-9C661071AB93}.AppStore|x64.Build.0 = Debug|Any CPU
		{2319D469-A5FB-4779-BDD4-9C661071AB93}.AppStore|x64.Deploy.0 = Debug|Any CPU
		{2319D469-A5FB-4779-BDD4-9C661071AB93}.AppStore|x86.ActiveCfg = Debug|Any CPU
		{2319D469-A5FB-4779-BDD4-9C661071AB93}.AppStore|x86.Build.0 = Debug|Any CPU
		{2319D469-A5FB-4779-BDD4-9C661071AB93}.AppStore|x86.Deploy.0 = Debug|Any CPU
		{2319D469-A5FB-4779-BDD4-9C661071AB93}.Debug|Any CPU.ActiveCfg = Debug|Any CPU
		{2319D469-A5FB-4779-BDD4-9C661071AB93}.Debug|Any CPU.Build.0 = Debug|Any CPU
		{2319D469-A5FB-4779-BDD4-9C661071AB93}.Debug|Any CPU.Deploy.0 = Debug|Any CPU
		{2319D469-A5FB-4779-BDD4-9C661071AB93}.Debug|ARM.ActiveCfg = Debug|Any CPU
		{2319D469-A5FB-4779-BDD4-9C661071AB93}.Debug|ARM.Build.0 = Debug|Any CPU
		{2319D469-A5FB-4779-BDD4-9C661071AB93}.Debug|ARM.Deploy.0 = Debug|Any CPU
		{2319D469-A5FB-4779-BDD4-9C661071AB93}.Debug|ARM64.ActiveCfg = Debug|Any CPU
		{2319D469-A5FB-4779-BDD4-9C661071AB93}.Debug|ARM64.Build.0 = Debug|Any CPU
		{2319D469-A5FB-4779-BDD4-9C661071AB93}.Debug|ARM64.Deploy.0 = Debug|Any CPU
		{2319D469-A5FB-4779-BDD4-9C661071AB93}.Debug|iPhone.ActiveCfg = Debug|Any CPU
		{2319D469-A5FB-4779-BDD4-9C661071AB93}.Debug|iPhone.Build.0 = Debug|Any CPU
		{2319D469-A5FB-4779-BDD4-9C661071AB93}.Debug|iPhone.Deploy.0 = Debug|Any CPU
		{2319D469-A5FB-4779-BDD4-9C661071AB93}.Debug|iPhoneSimulator.ActiveCfg = Debug|Any CPU
		{2319D469-A5FB-4779-BDD4-9C661071AB93}.Debug|iPhoneSimulator.Build.0 = Debug|Any CPU
		{2319D469-A5FB-4779-BDD4-9C661071AB93}.Debug|iPhoneSimulator.Deploy.0 = Debug|Any CPU
		{2319D469-A5FB-4779-BDD4-9C661071AB93}.Debug|x64.ActiveCfg = Debug|Any CPU
		{2319D469-A5FB-4779-BDD4-9C661071AB93}.Debug|x64.Build.0 = Debug|Any CPU
		{2319D469-A5FB-4779-BDD4-9C661071AB93}.Debug|x64.Deploy.0 = Debug|Any CPU
		{2319D469-A5FB-4779-BDD4-9C661071AB93}.Debug|x86.ActiveCfg = Debug|Any CPU
		{2319D469-A5FB-4779-BDD4-9C661071AB93}.Debug|x86.Build.0 = Debug|Any CPU
		{2319D469-A5FB-4779-BDD4-9C661071AB93}.Debug|x86.Deploy.0 = Debug|Any CPU
		{2319D469-A5FB-4779-BDD4-9C661071AB93}.Release|Any CPU.ActiveCfg = Release|Any CPU
		{2319D469-A5FB-4779-BDD4-9C661071AB93}.Release|Any CPU.Build.0 = Release|Any CPU
		{2319D469-A5FB-4779-BDD4-9C661071AB93}.Release|Any CPU.Deploy.0 = Release|Any CPU
		{2319D469-A5FB-4779-BDD4-9C661071AB93}.Release|ARM.ActiveCfg = Release|Any CPU
		{2319D469-A5FB-4779-BDD4-9C661071AB93}.Release|ARM.Build.0 = Release|Any CPU
		{2319D469-A5FB-4779-BDD4-9C661071AB93}.Release|ARM.Deploy.0 = Release|Any CPU
		{2319D469-A5FB-4779-BDD4-9C661071AB93}.Release|ARM64.ActiveCfg = Release|Any CPU
		{2319D469-A5FB-4779-BDD4-9C661071AB93}.Release|ARM64.Build.0 = Release|Any CPU
		{2319D469-A5FB-4779-BDD4-9C661071AB93}.Release|ARM64.Deploy.0 = Release|Any CPU
		{2319D469-A5FB-4779-BDD4-9C661071AB93}.Release|iPhone.ActiveCfg = Release|Any CPU
		{2319D469-A5FB-4779-BDD4-9C661071AB93}.Release|iPhone.Build.0 = Release|Any CPU
		{2319D469-A5FB-4779-BDD4-9C661071AB93}.Release|iPhone.Deploy.0 = Release|Any CPU
		{2319D469-A5FB-4779-BDD4-9C661071AB93}.Release|iPhoneSimulator.ActiveCfg = Release|Any CPU
		{2319D469-A5FB-4779-BDD4-9C661071AB93}.Release|iPhoneSimulator.Build.0 = Release|Any CPU
		{2319D469-A5FB-4779-BDD4-9C661071AB93}.Release|iPhoneSimulator.Deploy.0 = Release|Any CPU
		{2319D469-A5FB-4779-BDD4-9C661071AB93}.Release|x64.ActiveCfg = Release|Any CPU
		{2319D469-A5FB-4779-BDD4-9C661071AB93}.Release|x64.Build.0 = Release|Any CPU
		{2319D469-A5FB-4779-BDD4-9C661071AB93}.Release|x64.Deploy.0 = Release|Any CPU
		{2319D469-A5FB-4779-BDD4-9C661071AB93}.Release|x86.ActiveCfg = Release|Any CPU
		{2319D469-A5FB-4779-BDD4-9C661071AB93}.Release|x86.Build.0 = Release|Any CPU
		{2319D469-A5FB-4779-BDD4-9C661071AB93}.Release|x86.Deploy.0 = Release|Any CPU
		{89AC3F26-CD20-4305-90BC-89FB2D92BE1F}.Ad-Hoc|Any CPU.ActiveCfg = Ad-Hoc|iPhoneSimulator
		{89AC3F26-CD20-4305-90BC-89FB2D92BE1F}.Ad-Hoc|ARM.ActiveCfg = Ad-Hoc|iPhoneSimulator
		{89AC3F26-CD20-4305-90BC-89FB2D92BE1F}.Ad-Hoc|ARM64.ActiveCfg = Ad-Hoc|iPhoneSimulator
		{89AC3F26-CD20-4305-90BC-89FB2D92BE1F}.Ad-Hoc|iPhone.ActiveCfg = Ad-Hoc|iPhone
		{89AC3F26-CD20-4305-90BC-89FB2D92BE1F}.Ad-Hoc|iPhone.Build.0 = Ad-Hoc|iPhone
		{89AC3F26-CD20-4305-90BC-89FB2D92BE1F}.Ad-Hoc|iPhoneSimulator.ActiveCfg = Ad-Hoc|iPhoneSimulator
		{89AC3F26-CD20-4305-90BC-89FB2D92BE1F}.Ad-Hoc|iPhoneSimulator.Build.0 = Ad-Hoc|iPhoneSimulator
		{89AC3F26-CD20-4305-90BC-89FB2D92BE1F}.Ad-Hoc|x64.ActiveCfg = Ad-Hoc|iPhoneSimulator
		{89AC3F26-CD20-4305-90BC-89FB2D92BE1F}.Ad-Hoc|x86.ActiveCfg = Ad-Hoc|iPhoneSimulator
		{89AC3F26-CD20-4305-90BC-89FB2D92BE1F}.AppStore|Any CPU.ActiveCfg = AppStore|iPhoneSimulator
		{89AC3F26-CD20-4305-90BC-89FB2D92BE1F}.AppStore|ARM.ActiveCfg = AppStore|iPhoneSimulator
		{89AC3F26-CD20-4305-90BC-89FB2D92BE1F}.AppStore|ARM64.ActiveCfg = AppStore|iPhoneSimulator
		{89AC3F26-CD20-4305-90BC-89FB2D92BE1F}.AppStore|iPhone.ActiveCfg = AppStore|iPhone
		{89AC3F26-CD20-4305-90BC-89FB2D92BE1F}.AppStore|iPhone.Build.0 = AppStore|iPhone
		{89AC3F26-CD20-4305-90BC-89FB2D92BE1F}.AppStore|iPhoneSimulator.ActiveCfg = AppStore|iPhoneSimulator
		{89AC3F26-CD20-4305-90BC-89FB2D92BE1F}.AppStore|iPhoneSimulator.Build.0 = AppStore|iPhoneSimulator
		{89AC3F26-CD20-4305-90BC-89FB2D92BE1F}.AppStore|x64.ActiveCfg = AppStore|iPhoneSimulator
		{89AC3F26-CD20-4305-90BC-89FB2D92BE1F}.AppStore|x86.ActiveCfg = AppStore|iPhoneSimulator
		{89AC3F26-CD20-4305-90BC-89FB2D92BE1F}.Debug|Any CPU.ActiveCfg = Debug|iPhoneSimulator
		{89AC3F26-CD20-4305-90BC-89FB2D92BE1F}.Debug|ARM.ActiveCfg = Debug|iPhoneSimulator
		{89AC3F26-CD20-4305-90BC-89FB2D92BE1F}.Debug|ARM64.ActiveCfg = Debug|iPhoneSimulator
		{89AC3F26-CD20-4305-90BC-89FB2D92BE1F}.Debug|iPhone.ActiveCfg = Debug|iPhone
		{89AC3F26-CD20-4305-90BC-89FB2D92BE1F}.Debug|iPhone.Build.0 = Debug|iPhone
		{89AC3F26-CD20-4305-90BC-89FB2D92BE1F}.Debug|iPhoneSimulator.ActiveCfg = Debug|iPhoneSimulator
		{89AC3F26-CD20-4305-90BC-89FB2D92BE1F}.Debug|iPhoneSimulator.Build.0 = Debug|iPhoneSimulator
		{89AC3F26-CD20-4305-90BC-89FB2D92BE1F}.Debug|x64.ActiveCfg = Debug|iPhoneSimulator
		{89AC3F26-CD20-4305-90BC-89FB2D92BE1F}.Debug|x86.ActiveCfg = Debug|iPhoneSimulator
		{89AC3F26-CD20-4305-90BC-89FB2D92BE1F}.Release|Any CPU.ActiveCfg = Release|iPhoneSimulator
		{89AC3F26-CD20-4305-90BC-89FB2D92BE1F}.Release|ARM.ActiveCfg = Release|iPhoneSimulator
		{89AC3F26-CD20-4305-90BC-89FB2D92BE1F}.Release|ARM64.ActiveCfg = Release|iPhoneSimulator
		{89AC3F26-CD20-4305-90BC-89FB2D92BE1F}.Release|iPhone.ActiveCfg = Release|iPhone
		{89AC3F26-CD20-4305-90BC-89FB2D92BE1F}.Release|iPhone.Build.0 = Release|iPhone
		{89AC3F26-CD20-4305-90BC-89FB2D92BE1F}.Release|iPhoneSimulator.ActiveCfg = Release|iPhoneSimulator
		{89AC3F26-CD20-4305-90BC-89FB2D92BE1F}.Release|iPhoneSimulator.Build.0 = Release|iPhoneSimulator
		{89AC3F26-CD20-4305-90BC-89FB2D92BE1F}.Release|x64.ActiveCfg = Release|iPhoneSimulator
		{89AC3F26-CD20-4305-90BC-89FB2D92BE1F}.Release|x86.ActiveCfg = Release|iPhoneSimulator
		{57DD3C7D-1489-4B2D-A237-19E656127CF1}.Ad-Hoc|Any CPU.ActiveCfg = Debug|x86
		{57DD3C7D-1489-4B2D-A237-19E656127CF1}.Ad-Hoc|Any CPU.Build.0 = Debug|x86
		{57DD3C7D-1489-4B2D-A237-19E656127CF1}.Ad-Hoc|Any CPU.Deploy.0 = Debug|x86
		{57DD3C7D-1489-4B2D-A237-19E656127CF1}.Ad-Hoc|ARM.ActiveCfg = Debug|ARM
		{57DD3C7D-1489-4B2D-A237-19E656127CF1}.Ad-Hoc|ARM.Build.0 = Debug|ARM
		{57DD3C7D-1489-4B2D-A237-19E656127CF1}.Ad-Hoc|ARM.Deploy.0 = Debug|ARM
		{57DD3C7D-1489-4B2D-A237-19E656127CF1}.Ad-Hoc|ARM64.ActiveCfg = Debug|ARM64
		{57DD3C7D-1489-4B2D-A237-19E656127CF1}.Ad-Hoc|ARM64.Build.0 = Debug|ARM64
		{57DD3C7D-1489-4B2D-A237-19E656127CF1}.Ad-Hoc|ARM64.Deploy.0 = Debug|ARM64
		{57DD3C7D-1489-4B2D-A237-19E656127CF1}.Ad-Hoc|iPhone.ActiveCfg = Debug|x86
		{57DD3C7D-1489-4B2D-A237-19E656127CF1}.Ad-Hoc|iPhone.Build.0 = Debug|x86
		{57DD3C7D-1489-4B2D-A237-19E656127CF1}.Ad-Hoc|iPhone.Deploy.0 = Debug|x86
		{57DD3C7D-1489-4B2D-A237-19E656127CF1}.Ad-Hoc|iPhoneSimulator.ActiveCfg = Debug|x86
		{57DD3C7D-1489-4B2D-A237-19E656127CF1}.Ad-Hoc|iPhoneSimulator.Build.0 = Debug|x86
		{57DD3C7D-1489-4B2D-A237-19E656127CF1}.Ad-Hoc|iPhoneSimulator.Deploy.0 = Debug|x86
		{57DD3C7D-1489-4B2D-A237-19E656127CF1}.Ad-Hoc|x64.ActiveCfg = Debug|x64
		{57DD3C7D-1489-4B2D-A237-19E656127CF1}.Ad-Hoc|x64.Build.0 = Debug|x64
		{57DD3C7D-1489-4B2D-A237-19E656127CF1}.Ad-Hoc|x64.Deploy.0 = Debug|x64
		{57DD3C7D-1489-4B2D-A237-19E656127CF1}.Ad-Hoc|x86.ActiveCfg = Debug|x86
		{57DD3C7D-1489-4B2D-A237-19E656127CF1}.Ad-Hoc|x86.Build.0 = Debug|x86
		{57DD3C7D-1489-4B2D-A237-19E656127CF1}.Ad-Hoc|x86.Deploy.0 = Debug|x86
		{57DD3C7D-1489-4B2D-A237-19E656127CF1}.AppStore|Any CPU.ActiveCfg = Debug|x86
		{57DD3C7D-1489-4B2D-A237-19E656127CF1}.AppStore|Any CPU.Build.0 = Debug|x86
		{57DD3C7D-1489-4B2D-A237-19E656127CF1}.AppStore|Any CPU.Deploy.0 = Debug|x86
		{57DD3C7D-1489-4B2D-A237-19E656127CF1}.AppStore|ARM.ActiveCfg = Debug|ARM
		{57DD3C7D-1489-4B2D-A237-19E656127CF1}.AppStore|ARM.Build.0 = Debug|ARM
		{57DD3C7D-1489-4B2D-A237-19E656127CF1}.AppStore|ARM.Deploy.0 = Debug|ARM
		{57DD3C7D-1489-4B2D-A237-19E656127CF1}.AppStore|ARM64.ActiveCfg = Debug|ARM64
		{57DD3C7D-1489-4B2D-A237-19E656127CF1}.AppStore|ARM64.Build.0 = Debug|ARM64
		{57DD3C7D-1489-4B2D-A237-19E656127CF1}.AppStore|ARM64.Deploy.0 = Debug|ARM64
		{57DD3C7D-1489-4B2D-A237-19E656127CF1}.AppStore|iPhone.ActiveCfg = Debug|x86
		{57DD3C7D-1489-4B2D-A237-19E656127CF1}.AppStore|iPhone.Build.0 = Debug|x86
		{57DD3C7D-1489-4B2D-A237-19E656127CF1}.AppStore|iPhone.Deploy.0 = Debug|x86
		{57DD3C7D-1489-4B2D-A237-19E656127CF1}.AppStore|iPhoneSimulator.ActiveCfg = Debug|x86
		{57DD3C7D-1489-4B2D-A237-19E656127CF1}.AppStore|iPhoneSimulator.Build.0 = Debug|x86
		{57DD3C7D-1489-4B2D-A237-19E656127CF1}.AppStore|iPhoneSimulator.Deploy.0 = Debug|x86
		{57DD3C7D-1489-4B2D-A237-19E656127CF1}.AppStore|x64.ActiveCfg = Debug|x64
		{57DD3C7D-1489-4B2D-A237-19E656127CF1}.AppStore|x64.Build.0 = Debug|x64
		{57DD3C7D-1489-4B2D-A237-19E656127CF1}.AppStore|x64.Deploy.0 = Debug|x64
		{57DD3C7D-1489-4B2D-A237-19E656127CF1}.AppStore|x86.ActiveCfg = Debug|x86
		{57DD3C7D-1489-4B2D-A237-19E656127CF1}.AppStore|x86.Build.0 = Debug|x86
		{57DD3C7D-1489-4B2D-A237-19E656127CF1}.AppStore|x86.Deploy.0 = Debug|x86
		{57DD3C7D-1489-4B2D-A237-19E656127CF1}.Debug|Any CPU.ActiveCfg = Debug|x86
		{57DD3C7D-1489-4B2D-A237-19E656127CF1}.Debug|Any CPU.Build.0 = Debug|x86
		{57DD3C7D-1489-4B2D-A237-19E656127CF1}.Debug|Any CPU.Deploy.0 = Debug|x86
		{57DD3C7D-1489-4B2D-A237-19E656127CF1}.Debug|ARM.ActiveCfg = Debug|ARM
		{57DD3C7D-1489-4B2D-A237-19E656127CF1}.Debug|ARM.Build.0 = Debug|ARM
		{57DD3C7D-1489-4B2D-A237-19E656127CF1}.Debug|ARM.Deploy.0 = Debug|ARM
		{57DD3C7D-1489-4B2D-A237-19E656127CF1}.Debug|ARM64.ActiveCfg = Debug|ARM64
		{57DD3C7D-1489-4B2D-A237-19E656127CF1}.Debug|ARM64.Build.0 = Debug|ARM64
		{57DD3C7D-1489-4B2D-A237-19E656127CF1}.Debug|ARM64.Deploy.0 = Debug|ARM64
		{57DD3C7D-1489-4B2D-A237-19E656127CF1}.Debug|iPhone.ActiveCfg = Debug|x86
		{57DD3C7D-1489-4B2D-A237-19E656127CF1}.Debug|iPhoneSimulator.ActiveCfg = Debug|x86
		{57DD3C7D-1489-4B2D-A237-19E656127CF1}.Debug|x64.ActiveCfg = Debug|x64
		{57DD3C7D-1489-4B2D-A237-19E656127CF1}.Debug|x64.Build.0 = Debug|x64
		{57DD3C7D-1489-4B2D-A237-19E656127CF1}.Debug|x64.Deploy.0 = Debug|x64
		{57DD3C7D-1489-4B2D-A237-19E656127CF1}.Debug|x86.ActiveCfg = Debug|x86
		{57DD3C7D-1489-4B2D-A237-19E656127CF1}.Debug|x86.Build.0 = Debug|x86
		{57DD3C7D-1489-4B2D-A237-19E656127CF1}.Debug|x86.Deploy.0 = Debug|x86
		{57DD3C7D-1489-4B2D-A237-19E656127CF1}.Release|Any CPU.ActiveCfg = Release|x86
		{57DD3C7D-1489-4B2D-A237-19E656127CF1}.Release|ARM.ActiveCfg = Release|ARM
		{57DD3C7D-1489-4B2D-A237-19E656127CF1}.Release|ARM.Build.0 = Release|ARM
		{57DD3C7D-1489-4B2D-A237-19E656127CF1}.Release|ARM.Deploy.0 = Release|ARM
		{57DD3C7D-1489-4B2D-A237-19E656127CF1}.Release|ARM64.ActiveCfg = Release|ARM64
		{57DD3C7D-1489-4B2D-A237-19E656127CF1}.Release|ARM64.Build.0 = Release|ARM64
		{57DD3C7D-1489-4B2D-A237-19E656127CF1}.Release|ARM64.Deploy.0 = Release|ARM64
		{57DD3C7D-1489-4B2D-A237-19E656127CF1}.Release|iPhone.ActiveCfg = Release|x86
		{57DD3C7D-1489-4B2D-A237-19E656127CF1}.Release|iPhoneSimulator.ActiveCfg = Release|x86
		{57DD3C7D-1489-4B2D-A237-19E656127CF1}.Release|x64.ActiveCfg = Release|x64
		{57DD3C7D-1489-4B2D-A237-19E656127CF1}.Release|x64.Build.0 = Release|x64
		{57DD3C7D-1489-4B2D-A237-19E656127CF1}.Release|x64.Deploy.0 = Release|x64
		{57DD3C7D-1489-4B2D-A237-19E656127CF1}.Release|x86.ActiveCfg = Release|x86
		{57DD3C7D-1489-4B2D-A237-19E656127CF1}.Release|x86.Build.0 = Release|x86
		{57DD3C7D-1489-4B2D-A237-19E656127CF1}.Release|x86.Deploy.0 = Release|x86
		{2DF4FA22-6B91-407F-A1B3-0ED13DF6C17B}.Ad-Hoc|Any CPU.ActiveCfg = Debug|Any CPU
		{2DF4FA22-6B91-407F-A1B3-0ED13DF6C17B}.Ad-Hoc|Any CPU.Build.0 = Debug|Any CPU
		{2DF4FA22-6B91-407F-A1B3-0ED13DF6C17B}.Ad-Hoc|ARM.ActiveCfg = Debug|Any CPU
		{2DF4FA22-6B91-407F-A1B3-0ED13DF6C17B}.Ad-Hoc|ARM.Build.0 = Debug|Any CPU
		{2DF4FA22-6B91-407F-A1B3-0ED13DF6C17B}.Ad-Hoc|ARM64.ActiveCfg = Debug|Any CPU
		{2DF4FA22-6B91-407F-A1B3-0ED13DF6C17B}.Ad-Hoc|ARM64.Build.0 = Debug|Any CPU
		{2DF4FA22-6B91-407F-A1B3-0ED13DF6C17B}.Ad-Hoc|iPhone.ActiveCfg = Debug|Any CPU
		{2DF4FA22-6B91-407F-A1B3-0ED13DF6C17B}.Ad-Hoc|iPhone.Build.0 = Debug|Any CPU
		{2DF4FA22-6B91-407F-A1B3-0ED13DF6C17B}.Ad-Hoc|iPhoneSimulator.ActiveCfg = Debug|Any CPU
		{2DF4FA22-6B91-407F-A1B3-0ED13DF6C17B}.Ad-Hoc|iPhoneSimulator.Build.0 = Debug|Any CPU
		{2DF4FA22-6B91-407F-A1B3-0ED13DF6C17B}.Ad-Hoc|x64.ActiveCfg = Debug|Any CPU
		{2DF4FA22-6B91-407F-A1B3-0ED13DF6C17B}.Ad-Hoc|x64.Build.0 = Debug|Any CPU
		{2DF4FA22-6B91-407F-A1B3-0ED13DF6C17B}.Ad-Hoc|x86.ActiveCfg = Debug|Any CPU
		{2DF4FA22-6B91-407F-A1B3-0ED13DF6C17B}.Ad-Hoc|x86.Build.0 = Debug|Any CPU
		{2DF4FA22-6B91-407F-A1B3-0ED13DF6C17B}.AppStore|Any CPU.ActiveCfg = Debug|Any CPU
		{2DF4FA22-6B91-407F-A1B3-0ED13DF6C17B}.AppStore|Any CPU.Build.0 = Debug|Any CPU
		{2DF4FA22-6B91-407F-A1B3-0ED13DF6C17B}.AppStore|ARM.ActiveCfg = Debug|Any CPU
		{2DF4FA22-6B91-407F-A1B3-0ED13DF6C17B}.AppStore|ARM.Build.0 = Debug|Any CPU
		{2DF4FA22-6B91-407F-A1B3-0ED13DF6C17B}.AppStore|ARM64.ActiveCfg = Debug|Any CPU
		{2DF4FA22-6B91-407F-A1B3-0ED13DF6C17B}.AppStore|ARM64.Build.0 = Debug|Any CPU
		{2DF4FA22-6B91-407F-A1B3-0ED13DF6C17B}.AppStore|iPhone.ActiveCfg = Debug|Any CPU
		{2DF4FA22-6B91-407F-A1B3-0ED13DF6C17B}.AppStore|iPhone.Build.0 = Debug|Any CPU
		{2DF4FA22-6B91-407F-A1B3-0ED13DF6C17B}.AppStore|iPhoneSimulator.ActiveCfg = Debug|Any CPU
		{2DF4FA22-6B91-407F-A1B3-0ED13DF6C17B}.AppStore|iPhoneSimulator.Build.0 = Debug|Any CPU
		{2DF4FA22-6B91-407F-A1B3-0ED13DF6C17B}.AppStore|x64.ActiveCfg = Debug|Any CPU
		{2DF4FA22-6B91-407F-A1B3-0ED13DF6C17B}.AppStore|x64.Build.0 = Debug|Any CPU
		{2DF4FA22-6B91-407F-A1B3-0ED13DF6C17B}.AppStore|x86.ActiveCfg = Debug|Any CPU
		{2DF4FA22-6B91-407F-A1B3-0ED13DF6C17B}.AppStore|x86.Build.0 = Debug|Any CPU
		{2DF4FA22-6B91-407F-A1B3-0ED13DF6C17B}.Debug|Any CPU.ActiveCfg = Debug|Any CPU
		{2DF4FA22-6B91-407F-A1B3-0ED13DF6C17B}.Debug|Any CPU.Build.0 = Debug|Any CPU
		{2DF4FA22-6B91-407F-A1B3-0ED13DF6C17B}.Debug|ARM.ActiveCfg = Debug|Any CPU
		{2DF4FA22-6B91-407F-A1B3-0ED13DF6C17B}.Debug|ARM.Build.0 = Debug|Any CPU
		{2DF4FA22-6B91-407F-A1B3-0ED13DF6C17B}.Debug|ARM64.ActiveCfg = Debug|Any CPU
		{2DF4FA22-6B91-407F-A1B3-0ED13DF6C17B}.Debug|ARM64.Build.0 = Debug|Any CPU
		{2DF4FA22-6B91-407F-A1B3-0ED13DF6C17B}.Debug|iPhone.ActiveCfg = Debug|Any CPU
		{2DF4FA22-6B91-407F-A1B3-0ED13DF6C17B}.Debug|iPhone.Build.0 = Debug|Any CPU
		{2DF4FA22-6B91-407F-A1B3-0ED13DF6C17B}.Debug|iPhoneSimulator.ActiveCfg = Debug|Any CPU
		{2DF4FA22-6B91-407F-A1B3-0ED13DF6C17B}.Debug|iPhoneSimulator.Build.0 = Debug|Any CPU
		{2DF4FA22-6B91-407F-A1B3-0ED13DF6C17B}.Debug|x64.ActiveCfg = Debug|Any CPU
		{2DF4FA22-6B91-407F-A1B3-0ED13DF6C17B}.Debug|x64.Build.0 = Debug|Any CPU
		{2DF4FA22-6B91-407F-A1B3-0ED13DF6C17B}.Debug|x86.ActiveCfg = Debug|Any CPU
		{2DF4FA22-6B91-407F-A1B3-0ED13DF6C17B}.Debug|x86.Build.0 = Debug|Any CPU
		{2DF4FA22-6B91-407F-A1B3-0ED13DF6C17B}.Release|Any CPU.ActiveCfg = Release|Any CPU
		{2DF4FA22-6B91-407F-A1B3-0ED13DF6C17B}.Release|Any CPU.Build.0 = Release|Any CPU
		{2DF4FA22-6B91-407F-A1B3-0ED13DF6C17B}.Release|ARM.ActiveCfg = Release|Any CPU
		{2DF4FA22-6B91-407F-A1B3-0ED13DF6C17B}.Release|ARM.Build.0 = Release|Any CPU
		{2DF4FA22-6B91-407F-A1B3-0ED13DF6C17B}.Release|ARM64.ActiveCfg = Release|Any CPU
		{2DF4FA22-6B91-407F-A1B3-0ED13DF6C17B}.Release|ARM64.Build.0 = Release|Any CPU
		{2DF4FA22-6B91-407F-A1B3-0ED13DF6C17B}.Release|iPhone.ActiveCfg = Release|Any CPU
		{2DF4FA22-6B91-407F-A1B3-0ED13DF6C17B}.Release|iPhone.Build.0 = Release|Any CPU
		{2DF4FA22-6B91-407F-A1B3-0ED13DF6C17B}.Release|iPhoneSimulator.ActiveCfg = Release|Any CPU
		{2DF4FA22-6B91-407F-A1B3-0ED13DF6C17B}.Release|iPhoneSimulator.Build.0 = Release|Any CPU
		{2DF4FA22-6B91-407F-A1B3-0ED13DF6C17B}.Release|x64.ActiveCfg = Release|Any CPU
		{2DF4FA22-6B91-407F-A1B3-0ED13DF6C17B}.Release|x64.Build.0 = Release|Any CPU
		{2DF4FA22-6B91-407F-A1B3-0ED13DF6C17B}.Release|x86.ActiveCfg = Release|Any CPU
		{2DF4FA22-6B91-407F-A1B3-0ED13DF6C17B}.Release|x86.Build.0 = Release|Any CPU
		{16890F46-20FC-486D-8037-812FE89321B7}.Ad-Hoc|Any CPU.ActiveCfg = Debug|iPhoneSimulator
		{16890F46-20FC-486D-8037-812FE89321B7}.Ad-Hoc|Any CPU.Build.0 = Debug|iPhoneSimulator
		{16890F46-20FC-486D-8037-812FE89321B7}.Ad-Hoc|ARM.ActiveCfg = Debug|iPhoneSimulator
		{16890F46-20FC-486D-8037-812FE89321B7}.Ad-Hoc|ARM.Build.0 = Debug|iPhoneSimulator
		{16890F46-20FC-486D-8037-812FE89321B7}.Ad-Hoc|ARM64.ActiveCfg = Debug|iPhoneSimulator
		{16890F46-20FC-486D-8037-812FE89321B7}.Ad-Hoc|ARM64.Build.0 = Debug|iPhoneSimulator
		{16890F46-20FC-486D-8037-812FE89321B7}.Ad-Hoc|iPhone.ActiveCfg = Debug|iPhoneSimulator
		{16890F46-20FC-486D-8037-812FE89321B7}.Ad-Hoc|iPhone.Build.0 = Debug|iPhoneSimulator
		{16890F46-20FC-486D-8037-812FE89321B7}.Ad-Hoc|iPhoneSimulator.ActiveCfg = Debug|iPhoneSimulator
		{16890F46-20FC-486D-8037-812FE89321B7}.Ad-Hoc|iPhoneSimulator.Build.0 = Debug|iPhoneSimulator
		{16890F46-20FC-486D-8037-812FE89321B7}.Ad-Hoc|x64.ActiveCfg = Debug|iPhoneSimulator
		{16890F46-20FC-486D-8037-812FE89321B7}.Ad-Hoc|x64.Build.0 = Debug|iPhoneSimulator
		{16890F46-20FC-486D-8037-812FE89321B7}.Ad-Hoc|x86.ActiveCfg = Debug|iPhoneSimulator
		{16890F46-20FC-486D-8037-812FE89321B7}.Ad-Hoc|x86.Build.0 = Debug|iPhoneSimulator
		{16890F46-20FC-486D-8037-812FE89321B7}.AppStore|Any CPU.ActiveCfg = Debug|iPhoneSimulator
		{16890F46-20FC-486D-8037-812FE89321B7}.AppStore|Any CPU.Build.0 = Debug|iPhoneSimulator
		{16890F46-20FC-486D-8037-812FE89321B7}.AppStore|ARM.ActiveCfg = Debug|iPhoneSimulator
		{16890F46-20FC-486D-8037-812FE89321B7}.AppStore|ARM.Build.0 = Debug|iPhoneSimulator
		{16890F46-20FC-486D-8037-812FE89321B7}.AppStore|ARM64.ActiveCfg = Debug|iPhoneSimulator
		{16890F46-20FC-486D-8037-812FE89321B7}.AppStore|ARM64.Build.0 = Debug|iPhoneSimulator
		{16890F46-20FC-486D-8037-812FE89321B7}.AppStore|iPhone.ActiveCfg = Debug|iPhoneSimulator
		{16890F46-20FC-486D-8037-812FE89321B7}.AppStore|iPhone.Build.0 = Debug|iPhoneSimulator
		{16890F46-20FC-486D-8037-812FE89321B7}.AppStore|iPhoneSimulator.ActiveCfg = Debug|iPhoneSimulator
		{16890F46-20FC-486D-8037-812FE89321B7}.AppStore|iPhoneSimulator.Build.0 = Debug|iPhoneSimulator
		{16890F46-20FC-486D-8037-812FE89321B7}.AppStore|x64.ActiveCfg = Debug|iPhoneSimulator
		{16890F46-20FC-486D-8037-812FE89321B7}.AppStore|x64.Build.0 = Debug|iPhoneSimulator
		{16890F46-20FC-486D-8037-812FE89321B7}.AppStore|x86.ActiveCfg = Debug|iPhoneSimulator
		{16890F46-20FC-486D-8037-812FE89321B7}.AppStore|x86.Build.0 = Debug|iPhoneSimulator
		{16890F46-20FC-486D-8037-812FE89321B7}.Debug|Any CPU.ActiveCfg = Debug|iPhoneSimulator
		{16890F46-20FC-486D-8037-812FE89321B7}.Debug|ARM.ActiveCfg = Debug|iPhoneSimulator
		{16890F46-20FC-486D-8037-812FE89321B7}.Debug|ARM64.ActiveCfg = Debug|iPhoneSimulator
		{16890F46-20FC-486D-8037-812FE89321B7}.Debug|iPhone.ActiveCfg = Debug|iPhoneSimulator
		{16890F46-20FC-486D-8037-812FE89321B7}.Debug|iPhoneSimulator.ActiveCfg = Debug|iPhoneSimulator
		{16890F46-20FC-486D-8037-812FE89321B7}.Debug|iPhoneSimulator.Build.0 = Debug|iPhoneSimulator
		{16890F46-20FC-486D-8037-812FE89321B7}.Debug|x64.ActiveCfg = Debug|iPhoneSimulator
		{16890F46-20FC-486D-8037-812FE89321B7}.Debug|x86.ActiveCfg = Debug|iPhoneSimulator
		{16890F46-20FC-486D-8037-812FE89321B7}.Release|Any CPU.ActiveCfg = Release|iPhoneSimulator
		{16890F46-20FC-486D-8037-812FE89321B7}.Release|ARM.ActiveCfg = Release|iPhoneSimulator
		{16890F46-20FC-486D-8037-812FE89321B7}.Release|ARM64.ActiveCfg = Release|iPhoneSimulator
		{16890F46-20FC-486D-8037-812FE89321B7}.Release|iPhone.ActiveCfg = Release|iPhoneSimulator
		{16890F46-20FC-486D-8037-812FE89321B7}.Release|iPhoneSimulator.ActiveCfg = Release|iPhoneSimulator
		{16890F46-20FC-486D-8037-812FE89321B7}.Release|iPhoneSimulator.Build.0 = Release|iPhoneSimulator
		{16890F46-20FC-486D-8037-812FE89321B7}.Release|x64.ActiveCfg = Release|iPhoneSimulator
		{16890F46-20FC-486D-8037-812FE89321B7}.Release|x86.ActiveCfg = Release|iPhoneSimulator
		{2CCAD58A-C1DA-41A9-9BED-9406667AB0E9}.Ad-Hoc|Any CPU.ActiveCfg = Debug|Any CPU
		{2CCAD58A-C1DA-41A9-9BED-9406667AB0E9}.Ad-Hoc|Any CPU.Build.0 = Debug|Any CPU
		{2CCAD58A-C1DA-41A9-9BED-9406667AB0E9}.Ad-Hoc|ARM.ActiveCfg = Debug|Any CPU
		{2CCAD58A-C1DA-41A9-9BED-9406667AB0E9}.Ad-Hoc|ARM.Build.0 = Debug|Any CPU
		{2CCAD58A-C1DA-41A9-9BED-9406667AB0E9}.Ad-Hoc|ARM64.ActiveCfg = Debug|Any CPU
		{2CCAD58A-C1DA-41A9-9BED-9406667AB0E9}.Ad-Hoc|ARM64.Build.0 = Debug|Any CPU
		{2CCAD58A-C1DA-41A9-9BED-9406667AB0E9}.Ad-Hoc|iPhone.ActiveCfg = Debug|Any CPU
		{2CCAD58A-C1DA-41A9-9BED-9406667AB0E9}.Ad-Hoc|iPhone.Build.0 = Debug|Any CPU
		{2CCAD58A-C1DA-41A9-9BED-9406667AB0E9}.Ad-Hoc|iPhoneSimulator.ActiveCfg = Debug|Any CPU
		{2CCAD58A-C1DA-41A9-9BED-9406667AB0E9}.Ad-Hoc|iPhoneSimulator.Build.0 = Debug|Any CPU
		{2CCAD58A-C1DA-41A9-9BED-9406667AB0E9}.Ad-Hoc|x64.ActiveCfg = Debug|Any CPU
		{2CCAD58A-C1DA-41A9-9BED-9406667AB0E9}.Ad-Hoc|x64.Build.0 = Debug|Any CPU
		{2CCAD58A-C1DA-41A9-9BED-9406667AB0E9}.Ad-Hoc|x86.ActiveCfg = Debug|Any CPU
		{2CCAD58A-C1DA-41A9-9BED-9406667AB0E9}.Ad-Hoc|x86.Build.0 = Debug|Any CPU
		{2CCAD58A-C1DA-41A9-9BED-9406667AB0E9}.AppStore|Any CPU.ActiveCfg = Debug|Any CPU
		{2CCAD58A-C1DA-41A9-9BED-9406667AB0E9}.AppStore|Any CPU.Build.0 = Debug|Any CPU
		{2CCAD58A-C1DA-41A9-9BED-9406667AB0E9}.AppStore|ARM.ActiveCfg = Debug|Any CPU
		{2CCAD58A-C1DA-41A9-9BED-9406667AB0E9}.AppStore|ARM.Build.0 = Debug|Any CPU
		{2CCAD58A-C1DA-41A9-9BED-9406667AB0E9}.AppStore|ARM64.ActiveCfg = Debug|Any CPU
		{2CCAD58A-C1DA-41A9-9BED-9406667AB0E9}.AppStore|ARM64.Build.0 = Debug|Any CPU
		{2CCAD58A-C1DA-41A9-9BED-9406667AB0E9}.AppStore|iPhone.ActiveCfg = Debug|Any CPU
		{2CCAD58A-C1DA-41A9-9BED-9406667AB0E9}.AppStore|iPhone.Build.0 = Debug|Any CPU
		{2CCAD58A-C1DA-41A9-9BED-9406667AB0E9}.AppStore|iPhoneSimulator.ActiveCfg = Debug|Any CPU
		{2CCAD58A-C1DA-41A9-9BED-9406667AB0E9}.AppStore|iPhoneSimulator.Build.0 = Debug|Any CPU
		{2CCAD58A-C1DA-41A9-9BED-9406667AB0E9}.AppStore|x64.ActiveCfg = Debug|Any CPU
		{2CCAD58A-C1DA-41A9-9BED-9406667AB0E9}.AppStore|x64.Build.0 = Debug|Any CPU
		{2CCAD58A-C1DA-41A9-9BED-9406667AB0E9}.AppStore|x86.ActiveCfg = Debug|Any CPU
		{2CCAD58A-C1DA-41A9-9BED-9406667AB0E9}.AppStore|x86.Build.0 = Debug|Any CPU
		{2CCAD58A-C1DA-41A9-9BED-9406667AB0E9}.Debug|Any CPU.ActiveCfg = Debug|Any CPU
		{2CCAD58A-C1DA-41A9-9BED-9406667AB0E9}.Debug|Any CPU.Build.0 = Debug|Any CPU
		{2CCAD58A-C1DA-41A9-9BED-9406667AB0E9}.Debug|ARM.ActiveCfg = Debug|Any CPU
		{2CCAD58A-C1DA-41A9-9BED-9406667AB0E9}.Debug|ARM.Build.0 = Debug|Any CPU
		{2CCAD58A-C1DA-41A9-9BED-9406667AB0E9}.Debug|ARM64.ActiveCfg = Debug|Any CPU
		{2CCAD58A-C1DA-41A9-9BED-9406667AB0E9}.Debug|ARM64.Build.0 = Debug|Any CPU
		{2CCAD58A-C1DA-41A9-9BED-9406667AB0E9}.Debug|iPhone.ActiveCfg = Debug|Any CPU
		{2CCAD58A-C1DA-41A9-9BED-9406667AB0E9}.Debug|iPhone.Build.0 = Debug|Any CPU
		{2CCAD58A-C1DA-41A9-9BED-9406667AB0E9}.Debug|iPhoneSimulator.ActiveCfg = Debug|Any CPU
		{2CCAD58A-C1DA-41A9-9BED-9406667AB0E9}.Debug|iPhoneSimulator.Build.0 = Debug|Any CPU
		{2CCAD58A-C1DA-41A9-9BED-9406667AB0E9}.Debug|x64.ActiveCfg = Debug|Any CPU
		{2CCAD58A-C1DA-41A9-9BED-9406667AB0E9}.Debug|x64.Build.0 = Debug|Any CPU
		{2CCAD58A-C1DA-41A9-9BED-9406667AB0E9}.Debug|x86.ActiveCfg = Debug|Any CPU
		{2CCAD58A-C1DA-41A9-9BED-9406667AB0E9}.Debug|x86.Build.0 = Debug|Any CPU
		{2CCAD58A-C1DA-41A9-9BED-9406667AB0E9}.Release|Any CPU.ActiveCfg = Release|Any CPU
		{2CCAD58A-C1DA-41A9-9BED-9406667AB0E9}.Release|Any CPU.Build.0 = Release|Any CPU
		{2CCAD58A-C1DA-41A9-9BED-9406667AB0E9}.Release|ARM.ActiveCfg = Release|Any CPU
		{2CCAD58A-C1DA-41A9-9BED-9406667AB0E9}.Release|ARM.Build.0 = Release|Any CPU
		{2CCAD58A-C1DA-41A9-9BED-9406667AB0E9}.Release|ARM64.ActiveCfg = Release|Any CPU
		{2CCAD58A-C1DA-41A9-9BED-9406667AB0E9}.Release|ARM64.Build.0 = Release|Any CPU
		{2CCAD58A-C1DA-41A9-9BED-9406667AB0E9}.Release|iPhone.ActiveCfg = Release|Any CPU
		{2CCAD58A-C1DA-41A9-9BED-9406667AB0E9}.Release|iPhone.Build.0 = Release|Any CPU
		{2CCAD58A-C1DA-41A9-9BED-9406667AB0E9}.Release|iPhoneSimulator.ActiveCfg = Release|Any CPU
		{2CCAD58A-C1DA-41A9-9BED-9406667AB0E9}.Release|iPhoneSimulator.Build.0 = Release|Any CPU
		{2CCAD58A-C1DA-41A9-9BED-9406667AB0E9}.Release|x64.ActiveCfg = Release|Any CPU
		{2CCAD58A-C1DA-41A9-9BED-9406667AB0E9}.Release|x64.Build.0 = Release|Any CPU
		{2CCAD58A-C1DA-41A9-9BED-9406667AB0E9}.Release|x86.ActiveCfg = Release|Any CPU
		{2CCAD58A-C1DA-41A9-9BED-9406667AB0E9}.Release|x86.Build.0 = Release|Any CPU
		{D9DB22F7-D784-4226-ADB6-2160A3498691}.Ad-Hoc|Any CPU.ActiveCfg = Debug|Any CPU
		{D9DB22F7-D784-4226-ADB6-2160A3498691}.Ad-Hoc|Any CPU.Build.0 = Debug|Any CPU
		{D9DB22F7-D784-4226-ADB6-2160A3498691}.Ad-Hoc|ARM.ActiveCfg = Debug|Any CPU
		{D9DB22F7-D784-4226-ADB6-2160A3498691}.Ad-Hoc|ARM.Build.0 = Debug|Any CPU
		{D9DB22F7-D784-4226-ADB6-2160A3498691}.Ad-Hoc|ARM64.ActiveCfg = Debug|Any CPU
		{D9DB22F7-D784-4226-ADB6-2160A3498691}.Ad-Hoc|ARM64.Build.0 = Debug|Any CPU
		{D9DB22F7-D784-4226-ADB6-2160A3498691}.Ad-Hoc|iPhone.ActiveCfg = Debug|Any CPU
		{D9DB22F7-D784-4226-ADB6-2160A3498691}.Ad-Hoc|iPhone.Build.0 = Debug|Any CPU
		{D9DB22F7-D784-4226-ADB6-2160A3498691}.Ad-Hoc|iPhoneSimulator.ActiveCfg = Debug|Any CPU
		{D9DB22F7-D784-4226-ADB6-2160A3498691}.Ad-Hoc|iPhoneSimulator.Build.0 = Debug|Any CPU
		{D9DB22F7-D784-4226-ADB6-2160A3498691}.Ad-Hoc|x64.ActiveCfg = Debug|Any CPU
		{D9DB22F7-D784-4226-ADB6-2160A3498691}.Ad-Hoc|x64.Build.0 = Debug|Any CPU
		{D9DB22F7-D784-4226-ADB6-2160A3498691}.Ad-Hoc|x86.ActiveCfg = Debug|Any CPU
		{D9DB22F7-D784-4226-ADB6-2160A3498691}.Ad-Hoc|x86.Build.0 = Debug|Any CPU
		{D9DB22F7-D784-4226-ADB6-2160A3498691}.AppStore|Any CPU.ActiveCfg = Debug|Any CPU
		{D9DB22F7-D784-4226-ADB6-2160A3498691}.AppStore|Any CPU.Build.0 = Debug|Any CPU
		{D9DB22F7-D784-4226-ADB6-2160A3498691}.AppStore|ARM.ActiveCfg = Debug|Any CPU
		{D9DB22F7-D784-4226-ADB6-2160A3498691}.AppStore|ARM.Build.0 = Debug|Any CPU
		{D9DB22F7-D784-4226-ADB6-2160A3498691}.AppStore|ARM64.ActiveCfg = Debug|Any CPU
		{D9DB22F7-D784-4226-ADB6-2160A3498691}.AppStore|ARM64.Build.0 = Debug|Any CPU
		{D9DB22F7-D784-4226-ADB6-2160A3498691}.AppStore|iPhone.ActiveCfg = Debug|Any CPU
		{D9DB22F7-D784-4226-ADB6-2160A3498691}.AppStore|iPhone.Build.0 = Debug|Any CPU
		{D9DB22F7-D784-4226-ADB6-2160A3498691}.AppStore|iPhoneSimulator.ActiveCfg = Debug|Any CPU
		{D9DB22F7-D784-4226-ADB6-2160A3498691}.AppStore|iPhoneSimulator.Build.0 = Debug|Any CPU
		{D9DB22F7-D784-4226-ADB6-2160A3498691}.AppStore|x64.ActiveCfg = Debug|Any CPU
		{D9DB22F7-D784-4226-ADB6-2160A3498691}.AppStore|x64.Build.0 = Debug|Any CPU
		{D9DB22F7-D784-4226-ADB6-2160A3498691}.AppStore|x86.ActiveCfg = Debug|Any CPU
		{D9DB22F7-D784-4226-ADB6-2160A3498691}.AppStore|x86.Build.0 = Debug|Any CPU
		{D9DB22F7-D784-4226-ADB6-2160A3498691}.Debug|Any CPU.ActiveCfg = Debug|Any CPU
		{D9DB22F7-D784-4226-ADB6-2160A3498691}.Debug|Any CPU.Build.0 = Debug|Any CPU
		{D9DB22F7-D784-4226-ADB6-2160A3498691}.Debug|ARM.ActiveCfg = Debug|Any CPU
		{D9DB22F7-D784-4226-ADB6-2160A3498691}.Debug|ARM.Build.0 = Debug|Any CPU
		{D9DB22F7-D784-4226-ADB6-2160A3498691}.Debug|ARM64.ActiveCfg = Debug|Any CPU
		{D9DB22F7-D784-4226-ADB6-2160A3498691}.Debug|ARM64.Build.0 = Debug|Any CPU
		{D9DB22F7-D784-4226-ADB6-2160A3498691}.Debug|iPhone.ActiveCfg = Debug|Any CPU
		{D9DB22F7-D784-4226-ADB6-2160A3498691}.Debug|iPhone.Build.0 = Debug|Any CPU
		{D9DB22F7-D784-4226-ADB6-2160A3498691}.Debug|iPhoneSimulator.ActiveCfg = Debug|Any CPU
		{D9DB22F7-D784-4226-ADB6-2160A3498691}.Debug|iPhoneSimulator.Build.0 = Debug|Any CPU
		{D9DB22F7-D784-4226-ADB6-2160A3498691}.Debug|x64.ActiveCfg = Debug|Any CPU
		{D9DB22F7-D784-4226-ADB6-2160A3498691}.Debug|x64.Build.0 = Debug|Any CPU
		{D9DB22F7-D784-4226-ADB6-2160A3498691}.Debug|x86.ActiveCfg = Debug|Any CPU
		{D9DB22F7-D784-4226-ADB6-2160A3498691}.Debug|x86.Build.0 = Debug|Any CPU
		{D9DB22F7-D784-4226-ADB6-2160A3498691}.Release|Any CPU.ActiveCfg = Release|Any CPU
		{D9DB22F7-D784-4226-ADB6-2160A3498691}.Release|Any CPU.Build.0 = Release|Any CPU
		{D9DB22F7-D784-4226-ADB6-2160A3498691}.Release|ARM.ActiveCfg = Release|Any CPU
		{D9DB22F7-D784-4226-ADB6-2160A3498691}.Release|ARM.Build.0 = Release|Any CPU
		{D9DB22F7-D784-4226-ADB6-2160A3498691}.Release|ARM64.ActiveCfg = Release|Any CPU
		{D9DB22F7-D784-4226-ADB6-2160A3498691}.Release|ARM64.Build.0 = Release|Any CPU
		{D9DB22F7-D784-4226-ADB6-2160A3498691}.Release|iPhone.ActiveCfg = Release|Any CPU
		{D9DB22F7-D784-4226-ADB6-2160A3498691}.Release|iPhone.Build.0 = Release|Any CPU
		{D9DB22F7-D784-4226-ADB6-2160A3498691}.Release|iPhoneSimulator.ActiveCfg = Release|Any CPU
		{D9DB22F7-D784-4226-ADB6-2160A3498691}.Release|iPhoneSimulator.Build.0 = Release|Any CPU
		{D9DB22F7-D784-4226-ADB6-2160A3498691}.Release|x64.ActiveCfg = Release|Any CPU
		{D9DB22F7-D784-4226-ADB6-2160A3498691}.Release|x64.Build.0 = Release|Any CPU
		{D9DB22F7-D784-4226-ADB6-2160A3498691}.Release|x86.ActiveCfg = Release|Any CPU
		{D9DB22F7-D784-4226-ADB6-2160A3498691}.Release|x86.Build.0 = Release|Any CPU
		{D25B96B4-C0CE-4263-AC2C-4894F4680894}.Ad-Hoc|Any CPU.ActiveCfg = Debug|Any CPU
		{D25B96B4-C0CE-4263-AC2C-4894F4680894}.Ad-Hoc|Any CPU.Build.0 = Debug|Any CPU
		{D25B96B4-C0CE-4263-AC2C-4894F4680894}.Ad-Hoc|ARM.ActiveCfg = Debug|Any CPU
		{D25B96B4-C0CE-4263-AC2C-4894F4680894}.Ad-Hoc|ARM.Build.0 = Debug|Any CPU
		{D25B96B4-C0CE-4263-AC2C-4894F4680894}.Ad-Hoc|ARM64.ActiveCfg = Debug|Any CPU
		{D25B96B4-C0CE-4263-AC2C-4894F4680894}.Ad-Hoc|ARM64.Build.0 = Debug|Any CPU
		{D25B96B4-C0CE-4263-AC2C-4894F4680894}.Ad-Hoc|iPhone.ActiveCfg = Debug|Any CPU
		{D25B96B4-C0CE-4263-AC2C-4894F4680894}.Ad-Hoc|iPhone.Build.0 = Debug|Any CPU
		{D25B96B4-C0CE-4263-AC2C-4894F4680894}.Ad-Hoc|iPhoneSimulator.ActiveCfg = Debug|Any CPU
		{D25B96B4-C0CE-4263-AC2C-4894F4680894}.Ad-Hoc|iPhoneSimulator.Build.0 = Debug|Any CPU
		{D25B96B4-C0CE-4263-AC2C-4894F4680894}.Ad-Hoc|x64.ActiveCfg = Debug|Any CPU
		{D25B96B4-C0CE-4263-AC2C-4894F4680894}.Ad-Hoc|x64.Build.0 = Debug|Any CPU
		{D25B96B4-C0CE-4263-AC2C-4894F4680894}.Ad-Hoc|x86.ActiveCfg = Debug|Any CPU
		{D25B96B4-C0CE-4263-AC2C-4894F4680894}.Ad-Hoc|x86.Build.0 = Debug|Any CPU
		{D25B96B4-C0CE-4263-AC2C-4894F4680894}.AppStore|Any CPU.ActiveCfg = Debug|Any CPU
		{D25B96B4-C0CE-4263-AC2C-4894F4680894}.AppStore|Any CPU.Build.0 = Debug|Any CPU
		{D25B96B4-C0CE-4263-AC2C-4894F4680894}.AppStore|ARM.ActiveCfg = Debug|Any CPU
		{D25B96B4-C0CE-4263-AC2C-4894F4680894}.AppStore|ARM.Build.0 = Debug|Any CPU
		{D25B96B4-C0CE-4263-AC2C-4894F4680894}.AppStore|ARM64.ActiveCfg = Debug|Any CPU
		{D25B96B4-C0CE-4263-AC2C-4894F4680894}.AppStore|ARM64.Build.0 = Debug|Any CPU
		{D25B96B4-C0CE-4263-AC2C-4894F4680894}.AppStore|iPhone.ActiveCfg = Debug|Any CPU
		{D25B96B4-C0CE-4263-AC2C-4894F4680894}.AppStore|iPhone.Build.0 = Debug|Any CPU
		{D25B96B4-C0CE-4263-AC2C-4894F4680894}.AppStore|iPhoneSimulator.ActiveCfg = Debug|Any CPU
		{D25B96B4-C0CE-4263-AC2C-4894F4680894}.AppStore|iPhoneSimulator.Build.0 = Debug|Any CPU
		{D25B96B4-C0CE-4263-AC2C-4894F4680894}.AppStore|x64.ActiveCfg = Debug|Any CPU
		{D25B96B4-C0CE-4263-AC2C-4894F4680894}.AppStore|x64.Build.0 = Debug|Any CPU
		{D25B96B4-C0CE-4263-AC2C-4894F4680894}.AppStore|x86.ActiveCfg = Debug|Any CPU
		{D25B96B4-C0CE-4263-AC2C-4894F4680894}.AppStore|x86.Build.0 = Debug|Any CPU
		{D25B96B4-C0CE-4263-AC2C-4894F4680894}.Debug|Any CPU.ActiveCfg = Debug|Any CPU
		{D25B96B4-C0CE-4263-AC2C-4894F4680894}.Debug|Any CPU.Build.0 = Debug|Any CPU
		{D25B96B4-C0CE-4263-AC2C-4894F4680894}.Debug|ARM.ActiveCfg = Debug|Any CPU
		{D25B96B4-C0CE-4263-AC2C-4894F4680894}.Debug|ARM.Build.0 = Debug|Any CPU
		{D25B96B4-C0CE-4263-AC2C-4894F4680894}.Debug|ARM64.ActiveCfg = Debug|Any CPU
		{D25B96B4-C0CE-4263-AC2C-4894F4680894}.Debug|ARM64.Build.0 = Debug|Any CPU
		{D25B96B4-C0CE-4263-AC2C-4894F4680894}.Debug|iPhone.ActiveCfg = Debug|Any CPU
		{D25B96B4-C0CE-4263-AC2C-4894F4680894}.Debug|iPhone.Build.0 = Debug|Any CPU
		{D25B96B4-C0CE-4263-AC2C-4894F4680894}.Debug|iPhoneSimulator.ActiveCfg = Debug|Any CPU
		{D25B96B4-C0CE-4263-AC2C-4894F4680894}.Debug|iPhoneSimulator.Build.0 = Debug|Any CPU
		{D25B96B4-C0CE-4263-AC2C-4894F4680894}.Debug|x64.ActiveCfg = Debug|Any CPU
		{D25B96B4-C0CE-4263-AC2C-4894F4680894}.Debug|x64.Build.0 = Debug|Any CPU
		{D25B96B4-C0CE-4263-AC2C-4894F4680894}.Debug|x86.ActiveCfg = Debug|Any CPU
		{D25B96B4-C0CE-4263-AC2C-4894F4680894}.Debug|x86.Build.0 = Debug|Any CPU
		{D25B96B4-C0CE-4263-AC2C-4894F4680894}.Release|Any CPU.ActiveCfg = Release|Any CPU
		{D25B96B4-C0CE-4263-AC2C-4894F4680894}.Release|Any CPU.Build.0 = Release|Any CPU
		{D25B96B4-C0CE-4263-AC2C-4894F4680894}.Release|ARM.ActiveCfg = Release|Any CPU
		{D25B96B4-C0CE-4263-AC2C-4894F4680894}.Release|ARM.Build.0 = Release|Any CPU
		{D25B96B4-C0CE-4263-AC2C-4894F4680894}.Release|ARM64.ActiveCfg = Release|Any CPU
		{D25B96B4-C0CE-4263-AC2C-4894F4680894}.Release|ARM64.Build.0 = Release|Any CPU
		{D25B96B4-C0CE-4263-AC2C-4894F4680894}.Release|iPhone.ActiveCfg = Release|Any CPU
		{D25B96B4-C0CE-4263-AC2C-4894F4680894}.Release|iPhone.Build.0 = Release|Any CPU
		{D25B96B4-C0CE-4263-AC2C-4894F4680894}.Release|iPhoneSimulator.ActiveCfg = Release|Any CPU
		{D25B96B4-C0CE-4263-AC2C-4894F4680894}.Release|iPhoneSimulator.Build.0 = Release|Any CPU
		{D25B96B4-C0CE-4263-AC2C-4894F4680894}.Release|x64.ActiveCfg = Release|Any CPU
		{D25B96B4-C0CE-4263-AC2C-4894F4680894}.Release|x64.Build.0 = Release|Any CPU
		{D25B96B4-C0CE-4263-AC2C-4894F4680894}.Release|x86.ActiveCfg = Release|Any CPU
		{D25B96B4-C0CE-4263-AC2C-4894F4680894}.Release|x86.Build.0 = Release|Any CPU
		{6FE7CD70-0048-4EDF-BC76-EDA49E7F63E5}.Ad-Hoc|Any CPU.ActiveCfg = Debug|Any CPU
		{6FE7CD70-0048-4EDF-BC76-EDA49E7F63E5}.Ad-Hoc|Any CPU.Build.0 = Debug|Any CPU
		{6FE7CD70-0048-4EDF-BC76-EDA49E7F63E5}.Ad-Hoc|ARM.ActiveCfg = Debug|Any CPU
		{6FE7CD70-0048-4EDF-BC76-EDA49E7F63E5}.Ad-Hoc|ARM.Build.0 = Debug|Any CPU
		{6FE7CD70-0048-4EDF-BC76-EDA49E7F63E5}.Ad-Hoc|ARM64.ActiveCfg = Debug|Any CPU
		{6FE7CD70-0048-4EDF-BC76-EDA49E7F63E5}.Ad-Hoc|ARM64.Build.0 = Debug|Any CPU
		{6FE7CD70-0048-4EDF-BC76-EDA49E7F63E5}.Ad-Hoc|iPhone.ActiveCfg = Debug|Any CPU
		{6FE7CD70-0048-4EDF-BC76-EDA49E7F63E5}.Ad-Hoc|iPhone.Build.0 = Debug|Any CPU
		{6FE7CD70-0048-4EDF-BC76-EDA49E7F63E5}.Ad-Hoc|iPhoneSimulator.ActiveCfg = Debug|Any CPU
		{6FE7CD70-0048-4EDF-BC76-EDA49E7F63E5}.Ad-Hoc|iPhoneSimulator.Build.0 = Debug|Any CPU
		{6FE7CD70-0048-4EDF-BC76-EDA49E7F63E5}.Ad-Hoc|x64.ActiveCfg = Debug|Any CPU
		{6FE7CD70-0048-4EDF-BC76-EDA49E7F63E5}.Ad-Hoc|x64.Build.0 = Debug|Any CPU
		{6FE7CD70-0048-4EDF-BC76-EDA49E7F63E5}.Ad-Hoc|x86.ActiveCfg = Debug|Any CPU
		{6FE7CD70-0048-4EDF-BC76-EDA49E7F63E5}.Ad-Hoc|x86.Build.0 = Debug|Any CPU
		{6FE7CD70-0048-4EDF-BC76-EDA49E7F63E5}.AppStore|Any CPU.ActiveCfg = Debug|Any CPU
		{6FE7CD70-0048-4EDF-BC76-EDA49E7F63E5}.AppStore|Any CPU.Build.0 = Debug|Any CPU
		{6FE7CD70-0048-4EDF-BC76-EDA49E7F63E5}.AppStore|ARM.ActiveCfg = Debug|Any CPU
		{6FE7CD70-0048-4EDF-BC76-EDA49E7F63E5}.AppStore|ARM.Build.0 = Debug|Any CPU
		{6FE7CD70-0048-4EDF-BC76-EDA49E7F63E5}.AppStore|ARM64.ActiveCfg = Debug|Any CPU
		{6FE7CD70-0048-4EDF-BC76-EDA49E7F63E5}.AppStore|ARM64.Build.0 = Debug|Any CPU
		{6FE7CD70-0048-4EDF-BC76-EDA49E7F63E5}.AppStore|iPhone.ActiveCfg = Debug|Any CPU
		{6FE7CD70-0048-4EDF-BC76-EDA49E7F63E5}.AppStore|iPhone.Build.0 = Debug|Any CPU
		{6FE7CD70-0048-4EDF-BC76-EDA49E7F63E5}.AppStore|iPhoneSimulator.ActiveCfg = Debug|Any CPU
		{6FE7CD70-0048-4EDF-BC76-EDA49E7F63E5}.AppStore|iPhoneSimulator.Build.0 = Debug|Any CPU
		{6FE7CD70-0048-4EDF-BC76-EDA49E7F63E5}.AppStore|x64.ActiveCfg = Debug|Any CPU
		{6FE7CD70-0048-4EDF-BC76-EDA49E7F63E5}.AppStore|x64.Build.0 = Debug|Any CPU
		{6FE7CD70-0048-4EDF-BC76-EDA49E7F63E5}.AppStore|x86.ActiveCfg = Debug|Any CPU
		{6FE7CD70-0048-4EDF-BC76-EDA49E7F63E5}.AppStore|x86.Build.0 = Debug|Any CPU
		{6FE7CD70-0048-4EDF-BC76-EDA49E7F63E5}.Debug|Any CPU.ActiveCfg = Debug|Any CPU
		{6FE7CD70-0048-4EDF-BC76-EDA49E7F63E5}.Debug|Any CPU.Build.0 = Debug|Any CPU
		{6FE7CD70-0048-4EDF-BC76-EDA49E7F63E5}.Debug|ARM.ActiveCfg = Debug|Any CPU
		{6FE7CD70-0048-4EDF-BC76-EDA49E7F63E5}.Debug|ARM.Build.0 = Debug|Any CPU
		{6FE7CD70-0048-4EDF-BC76-EDA49E7F63E5}.Debug|ARM64.ActiveCfg = Debug|Any CPU
		{6FE7CD70-0048-4EDF-BC76-EDA49E7F63E5}.Debug|ARM64.Build.0 = Debug|Any CPU
		{6FE7CD70-0048-4EDF-BC76-EDA49E7F63E5}.Debug|iPhone.ActiveCfg = Debug|Any CPU
		{6FE7CD70-0048-4EDF-BC76-EDA49E7F63E5}.Debug|iPhone.Build.0 = Debug|Any CPU
		{6FE7CD70-0048-4EDF-BC76-EDA49E7F63E5}.Debug|iPhoneSimulator.ActiveCfg = Debug|Any CPU
		{6FE7CD70-0048-4EDF-BC76-EDA49E7F63E5}.Debug|iPhoneSimulator.Build.0 = Debug|Any CPU
		{6FE7CD70-0048-4EDF-BC76-EDA49E7F63E5}.Debug|x64.ActiveCfg = Debug|Any CPU
		{6FE7CD70-0048-4EDF-BC76-EDA49E7F63E5}.Debug|x64.Build.0 = Debug|Any CPU
		{6FE7CD70-0048-4EDF-BC76-EDA49E7F63E5}.Debug|x86.ActiveCfg = Debug|Any CPU
		{6FE7CD70-0048-4EDF-BC76-EDA49E7F63E5}.Debug|x86.Build.0 = Debug|Any CPU
		{6FE7CD70-0048-4EDF-BC76-EDA49E7F63E5}.Release|Any CPU.ActiveCfg = Release|Any CPU
		{6FE7CD70-0048-4EDF-BC76-EDA49E7F63E5}.Release|Any CPU.Build.0 = Release|Any CPU
		{6FE7CD70-0048-4EDF-BC76-EDA49E7F63E5}.Release|ARM.ActiveCfg = Release|Any CPU
		{6FE7CD70-0048-4EDF-BC76-EDA49E7F63E5}.Release|ARM.Build.0 = Release|Any CPU
		{6FE7CD70-0048-4EDF-BC76-EDA49E7F63E5}.Release|ARM64.ActiveCfg = Release|Any CPU
		{6FE7CD70-0048-4EDF-BC76-EDA49E7F63E5}.Release|ARM64.Build.0 = Release|Any CPU
		{6FE7CD70-0048-4EDF-BC76-EDA49E7F63E5}.Release|iPhone.ActiveCfg = Release|Any CPU
		{6FE7CD70-0048-4EDF-BC76-EDA49E7F63E5}.Release|iPhone.Build.0 = Release|Any CPU
		{6FE7CD70-0048-4EDF-BC76-EDA49E7F63E5}.Release|iPhoneSimulator.ActiveCfg = Release|Any CPU
		{6FE7CD70-0048-4EDF-BC76-EDA49E7F63E5}.Release|iPhoneSimulator.Build.0 = Release|Any CPU
		{6FE7CD70-0048-4EDF-BC76-EDA49E7F63E5}.Release|x64.ActiveCfg = Release|Any CPU
		{6FE7CD70-0048-4EDF-BC76-EDA49E7F63E5}.Release|x64.Build.0 = Release|Any CPU
		{6FE7CD70-0048-4EDF-BC76-EDA49E7F63E5}.Release|x86.ActiveCfg = Release|Any CPU
		{6FE7CD70-0048-4EDF-BC76-EDA49E7F63E5}.Release|x86.Build.0 = Release|Any CPU
	EndGlobalSection
	GlobalSection(SolutionProperties) = preSolution
		HideSolutionNode = FALSE
	EndGlobalSection
	GlobalSection(NestedProjects) = preSolution
		{2319D469-A5FB-4779-BDD4-9C661071AB93} = {292B6D90-FBBF-457C-B367-901298DD87DC}
		{89AC3F26-CD20-4305-90BC-89FB2D92BE1F} = {292B6D90-FBBF-457C-B367-901298DD87DC}
		{57DD3C7D-1489-4B2D-A237-19E656127CF1} = {292B6D90-FBBF-457C-B367-901298DD87DC}
		{2DF4FA22-6B91-407F-A1B3-0ED13DF6C17B} = {292B6D90-FBBF-457C-B367-901298DD87DC}
		{16890F46-20FC-486D-8037-812FE89321B7} = {292B6D90-FBBF-457C-B367-901298DD87DC}
		{2CCAD58A-C1DA-41A9-9BED-9406667AB0E9} = {292B6D90-FBBF-457C-B367-901298DD87DC}
		{D9DB22F7-D784-4226-ADB6-2160A3498691} = {292B6D90-FBBF-457C-B367-901298DD87DC}
		{D25B96B4-C0CE-4263-AC2C-4894F4680894} = {292B6D90-FBBF-457C-B367-901298DD87DC}
		{6FE7CD70-0048-4EDF-BC76-EDA49E7F63E5} = {292B6D90-FBBF-457C-B367-901298DD87DC}
	EndGlobalSection
	GlobalSection(ExtensibilityGlobals) = postSolution
		SolutionGuid = {35116122-0DC0-46BA-917E-981F06662AF4}
	EndGlobalSection
EndGlobal
